# This lock file was generated by conda-lock (https://github.com/conda-incubator/conda-lock). DO NOT EDIT!
#
# A "lock file" contains a concrete list of package versions (with checksums) to be installed. Unlike
# e.g. `conda env create`, the resulting environment will not change as new package versions become
# available, unless you explicitly update the lock file.
#
# Install this environment as "YOURENV" with:
#     conda-lock install -n YOURENV --file conda-lock.yml
# This lock contains optional development dependencies. Include them in the installed environment with:
#     conda-lock install --dev-dependencies -n YOURENV --file conda-lock.yml
# To update a single package to the latest version compatible with the version constraints in the source:
#     conda-lock lock  --lockfile conda-lock.yml --update PACKAGE
# To re-solve the entire environment, e.g. after changing a version constraint in the source file:
#     conda-lock -f C:\Users\ollvi09\Code\openmdao-bridge-catia\pyproject.toml --lockfile conda-lock.yml
metadata:
  channels:
  - url: conda-forge
    used_env_vars: []
  - url: defaults
    used_env_vars: []
  content_hash:
    win-64: 24d2d264b38f7eb5ec16d1c8c808ab50b73bf8dd63a0bb56052300390099177c
  platforms:
  - win-64
  sources:
  - C:\Users\ollvi09\Code\openmdao-bridge-catia\pyproject.toml
package:
- category: main
  dependencies: {}
  hash:
    md5: 604212634bd8c4d6f20d44b946e8eedb
    sha256: d0488a3e7a86cc11f8c847a7c12a5f1fb8567f05646faae78944807862f9d167
  manager: conda
  name: ca-certificates
  optional: false
  platform: win-64
  url: https://conda.anaconda.org/conda-forge/win-64/ca-certificates-2023.5.7-h56e8100_0.conda
  version: 2023.5.7
- category: main
  dependencies: {}
  hash:
    md5: dbc4636f419722fbf3ab6501377228ba
    sha256: b3006690844eedbb51030e71778767acc9967f4148b6f335ba3fddf8aa42aa5b
  manager: conda
  name: intel-openmp
  optional: false
  platform: win-64
  url: https://conda.anaconda.org/conda-forge/win-64/intel-openmp-2023.1.0-h57928b3_46319.conda
  version: 2023.1.0
- category: main
  dependencies: {}
  hash:
    md5: 636cc3cbbd2e28bcfd2f73b2044aac2c
    sha256: 794b2a9be72f176a2767c299574d330ffb76b2ed75d7fd20bee3bbadce5886cf
  manager: conda
  name: libexpat
  optional: false
  platform: win-64
  url: https://conda.anaconda.org/conda-forge/win-64/libexpat-2.5.0-h63175ca_1.conda
  version: 2.5.0
- category: main
  dependencies: {}
  hash:
    md5: b0309b72560df66f71a9d5e34a5efdfa
    sha256: 99358d58d778abee4dca82ad29fb58058571f19b0f86138363c260049d4ac7f1
  manager: conda
  name: msys2-conda-epoch
  optional: false
  platform: win-64
  url: https://conda.anaconda.org/conda-forge/win-64/msys2-conda-epoch-20160418-1.tar.bz2
  version: '20160418'
- category: main
  dependencies: {}
  hash:
    md5: fd1634ba85cfea9376e1fc02d6f592e9
    sha256: e042841d13274354d651a69a4f2589e9b46fd23b416368c9821bf3c6676f19d7
  manager: conda
  name: python_abi
  optional: false
  platform: win-64
  url: https://conda.anaconda.org/conda-forge/win-64/python_abi-3.11-3_cp311.conda
  version: '3.11'
- category: main
  dependencies: {}
  hash:
    md5: 939e3e74d8be4dac89ce83b20de2492a
    sha256: 0449138224adfa125b220154408419ec37c06b0b49f63c5954724325903ecf55
  manager: conda
  name: tzdata
  optional: false
  platform: win-64
  url: https://conda.anaconda.org/conda-forge/noarch/tzdata-2023c-h71feb2d_0.conda
  version: 2023c
- category: main
  dependencies: {}
  hash:
    md5: 72608f6cd3e5898229c3ea16deb1ac43
    sha256: f29cdaf8712008f6b419b8b1a403923b00ab2504bfe0fb2ba8eb60e72d4f14c6
  manager: conda
  name: ucrt
  optional: false
  platform: win-64
  url: https://conda.anaconda.org/conda-forge/win-64/ucrt-10.0.22621.0-h57928b3_0.tar.bz2
  version: 10.0.22621.0
- category: main
  dependencies:
    msys2-conda-epoch: '>=20160418'
  hash:
    md5: 53a1c73e1e3d185516d7e3af177596d9
    sha256: 7e3cd95f554660de45f8323fca359e904e8d203efaf07a4d311e46d611481ed1
  manager: conda
  name: m2w64-gmp
  optional: false
  platform: win-64
  url: https://conda.anaconda.org/conda-forge/win-64/m2w64-gmp-6.1.0-2.tar.bz2
  version: 6.1.0
- category: main
  dependencies:
    msys2-conda-epoch: '>=20160418'
  hash:
    md5: 774130a326dee16f1ceb05cc687ee4f0
    sha256: f63a09b2cae7defae0480f1740015d6235f1861afa6fe2e2d3e10bd0d1314ee0
  manager: conda
  name: m2w64-libwinpthread-git
  optional: false
  platform: win-64
  url: https://conda.anaconda.org/conda-forge/win-64/m2w64-libwinpthread-git-5.0.0.4634.697f757-2.tar.bz2
  version: 5.0.0.4634.697f757
- category: main
  dependencies:
    ucrt: '>=10.0.20348.0'
  hash:
    md5: 22125178654c6a8a393f9743d585704b
    sha256: 1161f4848e1c0663897a6324fbc4ff13dafd11650b42c9864428da73593dda95
  manager: conda
  name: vc14_runtime
  optional: false
  platform: win-64
  url: https://conda.anaconda.org/conda-forge/win-64/vc14_runtime-14.34.31931-h5081d32_16.conda
  version: 14.34.31931
- category: main
  dependencies:
    m2w64-gmp: ''
    m2w64-libwinpthread-git: ''
    msys2-conda-epoch: '>=20160418'
  hash:
    md5: 4289d80fb4d272f1f3b56cfe87ac90bd
    sha256: 58afdfe859ed2e9a9b1cc06bc408720cb2c3a6a132e59d4805b090d7574f4ee0
  manager: conda
  name: m2w64-gcc-libs-core
  optional: false
  platform: win-64
  url: https://conda.anaconda.org/conda-forge/win-64/m2w64-gcc-libs-core-5.3.0-7.tar.bz2
  version: 5.3.0
- category: main
  dependencies:
    vc14_runtime: '>=14.32.31332'
  hash:
    md5: ea326b37e3bd6d2616988e09f3a9396c
    sha256: 29bc108d66150ca75cab937f844f4ac4a836beb6ea3ee167d03c611444bb2a82
  manager: conda
  name: vc
  optional: false
  platform: win-64
  url: https://conda.anaconda.org/conda-forge/win-64/vc-14.3-hb25d44b_16.conda
  version: '14.3'
- category: main
  dependencies:
    vc14_runtime: '>=14.34.31931'
  hash:
    md5: 0374eae69b6dbfb27c3dc27167109eb4
    sha256: 25d852887a501ca8cb6753a4f3dae1549fa49592d51aec1a230b1f0c85fe4297
  manager: conda
  name: vs2015_runtime
  optional: false
  platform: win-64
  url: https://conda.anaconda.org/conda-forge/win-64/vs2015_runtime-14.34.31931-hed1258a_16.conda
  version: 14.34.31931
- category: main
  dependencies:
    vc: '>=14.1,<15.0a0'
    vs2015_runtime: '>=14.16.27012'
  hash:
    md5: 7c03c66026944073040cb19a4f3ec3c9
    sha256: 5389dad4e73e4865bb485f460fc60b120bae74404003d457ecb1a62eb7abf0c1
  manager: conda
  name: bzip2
  optional: false
  platform: win-64
  url: https://conda.anaconda.org/conda-forge/win-64/bzip2-1.0.8-h8ffe710_4.tar.bz2
  version: 1.0.8
- category: main
  dependencies:
    ucrt: '>=10.0.20348.0'
    vc: '>=14.2,<15'
    vs2015_runtime: '>=14.29.30139'
  hash:
    md5: e8078e37208cd7d3e1eb5053f370ded8
    sha256: 0e771d447108219f43de770f7ca9428b2e3b5a4fd08475a27ac442ad310cb684
  manager: conda
  name: libbrotlicommon
  optional: false
  platform: win-64
  url: https://conda.anaconda.org/conda-forge/win-64/libbrotlicommon-1.0.9-hcfcfb64_8.tar.bz2
  version: 1.0.9
- category: main
  dependencies:
    vc: '>=14.1,<15.0a0'
    vs2015_runtime: '>=14.16.27012'
  hash:
    md5: 2c96d1b6915b408893f9472569dee135
    sha256: 1951ab740f80660e9bc07d2ed3aefb874d78c107264fd810f24a1a6211d4b1a5
  manager: conda
  name: libffi
  optional: false
  platform: win-64
  url: https://conda.anaconda.org/conda-forge/win-64/libffi-3.4.2-h8ffe710_5.tar.bz2
  version: 3.4.2
- category: main
  dependencies:
    vc: '>=14.1,<15'
    vs2015_runtime: '>=14.16.27033'
  hash:
    md5: 050119977a86e4856f0416e2edcf81bb
    sha256: 657c2a992c896475021a25faebd9ccfaa149c5d70c7dc824d4069784b686cea1
  manager: conda
  name: libiconv
  optional: false
  platform: win-64
  url: https://conda.anaconda.org/conda-forge/win-64/libiconv-1.17-h8ffe710_0.tar.bz2
  version: '1.17'
- category: main
  dependencies:
    ucrt: '>=10.0.20348.0'
    vc: '>=14.2,<15'
    vc14_runtime: '>=14.29.30139'
  hash:
    md5: 9a71d93deb99cc09d8939d5235b5909a
    sha256: 70bc1fdb72de847807355c13144666d4f151894f9b141ee559f5d243bdf577e2
  manager: conda
  name: libsqlite
  optional: false
  platform: win-64
  url: https://conda.anaconda.org/conda-forge/win-64/libsqlite-3.42.0-hcfcfb64_0.conda
  version: 3.42.0
- category: main
  dependencies:
    ucrt: '>=10.0.20348.0'
    vc: '>=14.2,<15'
    vc14_runtime: '>=14.29.30139'
  hash:
    md5: 5fdb9c6a113b6b6cb5e517fd972d5f41
    sha256: c161822ee8130b71e08b6d282b9919c1de2c5274b29921a867bca0f7d30cad26
  manager: conda
  name: libzlib
  optional: false
  platform: win-64
  url: https://conda.anaconda.org/conda-forge/win-64/libzlib-1.2.13-hcfcfb64_5.conda
  version: 1.2.13
- category: main
  dependencies:
    m2w64-gcc-libs-core: ''
    msys2-conda-epoch: '>=20160418'
  hash:
    md5: 066552ac6b907ec6d72c0ddab29050dc
    sha256: 9de95a7996d5366ae0808eef2acbc63f9b11b874aa42375f55379e6715845dc6
  manager: conda
  name: m2w64-gcc-libgfortran
  optional: false
  platform: win-64
  url: https://conda.anaconda.org/conda-forge/win-64/m2w64-gcc-libgfortran-5.3.0-6.tar.bz2
  version: 5.3.0
- category: main
  dependencies:
    ca-certificates: ''
    ucrt: '>=10.0.20348.0'
    vc: '>=14.2,<15'
    vc14_runtime: '>=14.29.30139'
  hash:
    md5: 1d913a5de46c6b2f7e4cfbd26b106b8b
    sha256: 4424486fb9a2aeaba912a8dd8a5b5cdb6fcd65d7708fd854e3ea27449bb352a3
  manager: conda
  name: openssl
  optional: false
  platform: win-64
  url: https://conda.anaconda.org/conda-forge/win-64/openssl-3.1.1-hcfcfb64_1.conda
  version: 3.1.1
- category: main
  dependencies:
    vc: 14.*
  hash:
    md5: e2da8758d7d51ff6aa78a14dfb9dbed4
    sha256: 576a228630a72f25d255a5e345e5f10878e153221a96560f2498040cd6f54005
  manager: conda
  name: pthreads-win32
  optional: false
  platform: win-64
  url: https://conda.anaconda.org/conda-forge/win-64/pthreads-win32-2.9.1-hfa6e2cd_3.tar.bz2
  version: 2.9.1
- category: main
  dependencies:
    vc: '>=14.1,<15'
    vs2015_runtime: '>=14.16.27033'
  hash:
    md5: c69a5047cc9291ae40afd4a1ad6f0c0f
    sha256: 087795090a99a1d397ef1ed80b4a01fabfb0122efb141562c168e3c0a76edba6
  manager: conda
  name: tk
  optional: false
  platform: win-64
  url: https://conda.anaconda.org/conda-forge/win-64/tk-8.6.12-h8ffe710_0.tar.bz2
  version: 8.6.12
- category: main
  dependencies:
    vc: '>=14.1,<15'
    vs2015_runtime: '>=14.16.27033'
  hash:
    md5: 515d77642eaa3639413c6b1bc3f94219
    sha256: 54d9778f75a02723784dc63aff4126ff6e6749ba21d11a6d03c1f4775f269fe0
  manager: conda
  name: xz
  optional: false
  platform: win-64
  url: https://conda.anaconda.org/conda-forge/win-64/xz-5.2.6-h8d14728_0.tar.bz2
  version: 5.2.6
- category: main
  dependencies:
    libbrotlicommon: 1.0.9 hcfcfb64_8
    ucrt: '>=10.0.20348.0'
    vc: '>=14.2,<15'
    vs2015_runtime: '>=14.29.30139'
  hash:
    md5: 99839d9d81f33afa173c0fa82a702038
    sha256: 66814b8c0235bcc9124d32cb4b99845bcb2af0eba1d2ba609a501a6d8194e9a0
  manager: conda
  name: libbrotlidec
  optional: false
  platform: win-64
  url: https://conda.anaconda.org/conda-forge/win-64/libbrotlidec-1.0.9-hcfcfb64_8.tar.bz2
  version: 1.0.9
- category: main
  dependencies:
    libbrotlicommon: 1.0.9 hcfcfb64_8
    ucrt: '>=10.0.20348.0'
    vc: '>=14.2,<15'
    vs2015_runtime: '>=14.29.30139'
  hash:
    md5: 88e62627120c20289bf8982b15e0a6a1
    sha256: 3abf0f0b124d54ad892bd74fe77089a712d6dad81a04583331a58728c58a69e0
  manager: conda
  name: libbrotlienc
  optional: false
  platform: win-64
  url: https://conda.anaconda.org/conda-forge/win-64/libbrotlienc-1.0.9-hcfcfb64_8.tar.bz2
  version: 1.0.9
- category: main
  dependencies:
    libiconv: '>=1.17,<2.0a0'
    libzlib: '>=1.2.13,<1.3.0a0'
    ucrt: '>=10.0.20348.0'
    vc: '>=14.2,<15'
    vc14_runtime: '>=14.29.30139'
  hash:
    md5: 586627982a63815637f871a6360fe3f9
    sha256: d9d2210436ac28d1a15de08468202a944135d17da3b37fd82c0e90a36ce8ef72
  manager: conda
  name: libxml2
  optional: false
  platform: win-64
  url: https://conda.anaconda.org/conda-forge/win-64/libxml2-2.11.4-hc3477c8_0.conda
  version: 2.11.4
- category: main
  dependencies:
    m2w64-gcc-libgfortran: ''
    m2w64-gcc-libs-core: ''
    m2w64-gmp: ''
    m2w64-libwinpthread-git: ''
    msys2-conda-epoch: '>=20160418'
  hash:
    md5: fe759119b8b3bfa720b8762c6fdc35de
    sha256: 3bd1ab02b7c89a5b153a17be03b36d833f1517ff2a6a77ead7c4a808b88196aa
  manager: conda
  name: m2w64-gcc-libs
  optional: false
  platform: win-64
  url: https://conda.anaconda.org/conda-forge/win-64/m2w64-gcc-libs-5.3.0-7.tar.bz2
  version: 5.3.0
- category: main
  dependencies:
    bzip2: '>=1.0.8,<2.0a0'
    libexpat: '>=2.5.0,<3.0a0'
    libffi: '>=3.4,<4.0a0'
    libsqlite: '>=3.42.0,<4.0a0'
    libzlib: '>=1.2.13,<1.3.0a0'
    openssl: '>=3.1.1,<4.0a0'
    tk: '>=8.6.12,<8.7.0a0'
    tzdata: ''
    ucrt: '>=10.0.20348.0'
    vc: '>=14.2,<15'
    vc14_runtime: '>=14.29.30139'
    xz: '>=5.2.6,<6.0a0'
  hash:
    md5: 3187a32fba79e835f099ecea054026f4
    sha256: d43fa70a3549fea27d3993f79ba2584ec6d6fe2aaf6e5890847f974e89a744e0
  manager: conda
  name: python
  optional: false
  platform: win-64
  url: https://conda.anaconda.org/conda-forge/win-64/python-3.11.4-h2628c8c_0_cpython.conda
  version: 3.11.4
- category: main
  dependencies:
    libbrotlidec: 1.0.9 hcfcfb64_8
    libbrotlienc: 1.0.9 hcfcfb64_8
    ucrt: '>=10.0.20348.0'
    vc: '>=14.2,<15'
    vs2015_runtime: '>=14.29.30139'
  hash:
    md5: e18b70ed349d96086fd60a9c642b1b58
    sha256: e8b55a51cb907f336c6f308d5d052483b0cad6a8b09040b811a7f12f4f199d67
  manager: conda
  name: brotli-bin
  optional: false
  platform: win-64
  url: https://conda.anaconda.org/conda-forge/win-64/brotli-bin-1.0.9-hcfcfb64_8.tar.bz2
  version: 1.0.9
- category: main
  dependencies:
    python: '>=3.7'
  hash:
    md5: 5d1b71c942b8421285934dad1d891ebc
    sha256: f839a6e04d94069f90dd85337ea9108f058dc76771bb469a413f32bb1ba0b256
  manager: conda
  name: certifi
  optional: false
  platform: win-64
  url: https://conda.anaconda.org/conda-forge/noarch/certifi-2023.5.7-pyhd8ed1ab_0.conda
  version: 2023.5.7
- category: main
  dependencies:
    python: '>=3.7'
  hash:
    md5: 7fcff9f6f123696e940bda77bd4d6551
    sha256: 06cd371fc98f076797d6450f6f337cb679b1060c99680fb7e044591493333194
  manager: conda
  name: charset-normalizer
  optional: false
  platform: win-64
  url: https://conda.anaconda.org/conda-forge/noarch/charset-normalizer-3.1.0-pyhd8ed1ab_0.conda
  version: 3.1.0
- category: dev
  dependencies:
    python: '>=3.7'
  hash:
    md5: 3faab06a954c2a04039983f2c4a50d99
    sha256: 2c1b2e9755ce3102bca8d69e8f26e4f087ece73f50418186aee7c74bef8e1698
  manager: conda
  name: colorama
  optional: true
  platform: win-64
  url: https://conda.anaconda.org/conda-forge/noarch/colorama-0.4.6-pyhd8ed1ab_0.tar.bz2
  version: 0.4.6
- category: dev
  dependencies:
    python: '>=3.7'
  hash:
    md5: 7312299d7a0ea4993159229b7d2dceb2
    sha256: f073c3ba993912f1c0027bc34a54975642885f0a4cd5f9dc42a17ca945df2c18
  manager: conda
  name: exceptiongroup
  optional: true
  platform: win-64
  url: https://conda.anaconda.org/conda-forge/noarch/exceptiongroup-1.1.1-pyhd8ed1ab_0.conda
  version: 1.1.1
- category: main
  dependencies:
    python: '>=3.6'
  hash:
    md5: 34272b248891bddccc64479f9a7fffed
    sha256: 9887c35c374ec1847f167292d3fde023cb4c994a4ceeec283072b95440131f09
  manager: conda
  name: idna
  optional: false
  platform: win-64
  url: https://conda.anaconda.org/conda-forge/noarch/idna-3.4-pyhd8ed1ab_0.tar.bz2
  version: '3.4'
- category: dev
  dependencies:
    python: '>=3.7'
  hash:
    md5: f800d2da156d08e289b14e87e43c1ae5
    sha256: 38740c939b668b36a50ef455b077e8015b8c9cf89860d421b3fff86048f49666
  manager: conda
  name: iniconfig
  optional: true
  platform: win-64
  url: https://conda.anaconda.org/conda-forge/noarch/iniconfig-2.0.0-pyhd8ed1ab_0.conda
  version: 2.0.0
- category: main
  dependencies:
    libxml2: '>=2.11.4,<2.12.0a0'
    pthreads-win32: ''
    ucrt: '>=10.0.20348.0'
    vc: '>=14.2,<15'
    vc14_runtime: '>=14.29.30139'
  hash:
    md5: 95b1bd8df3033d08ae5125ed69d71194
    sha256: dbb221db2ca66075fc12976c55db511dd88433c4db91ed20da59ffada2f6e6bb
  manager: conda
  name: libhwloc
  optional: false
  platform: win-64
  url: https://conda.anaconda.org/conda-forge/win-64/libhwloc-2.9.1-nocuda_h15da153_6.conda
  version: 2.9.1
- category: main
  dependencies:
    python: '>=3.8'
  hash:
    md5: 254f787d5068bc89f578bf63893ce8b4
    sha256: 6b955c8530985fa727ad3323653a54af44ecf453cfdb1b549b3edff609bd3728
  manager: conda
  name: networkx
  optional: false
  platform: win-64
  url: https://conda.anaconda.org/conda-forge/noarch/networkx-3.1-pyhd8ed1ab_0.conda
  version: '3.1'
- category: main
  dependencies:
    python: '>=3.7'
  hash:
    md5: 91cda59e66e1e4afe9476f8ef98f5c30
    sha256: ded536a96a00d45a693dbc2971bb688248324dadd129eddda2100e177583d768
  manager: conda
  name: packaging
  optional: false
  platform: win-64
  url: https://conda.anaconda.org/conda-forge/noarch/packaging-23.1-pyhd8ed1ab_0.conda
  version: '23.1'
- category: dev
  dependencies:
    python: '>=3.8'
  hash:
    md5: 7d301a0d25f424d96175f810935f0da9
    sha256: c25e1757e4e90638bb1e778aba3ee5f3c01fae9752e3c3929f9be7d367f6c7f3
  manager: conda
  name: pluggy
  optional: true
  platform: win-64
  url: https://conda.anaconda.org/conda-forge/noarch/pluggy-1.0.0-pyhd8ed1ab_5.tar.bz2
  version: 1.0.0
- category: main
  dependencies:
    python: '>=3.11,<3.12.0a0'
    python_abi: 3.11.* *_cp311
    ucrt: '>=10.0.20348.0'
    vc: '>=14.2,<15'
    vs2015_runtime: '>=14.29.30139'
  hash:
    md5: 20a2d8e73b0be8e27ca4096d4f3a7053
    sha256: cdefd0688f776940bcc74fd981328a5d45e734006538dca6d686f8d21051c753
  manager: conda
  name: pywin32
  optional: false
  platform: win-64
  url: https://conda.anaconda.org/conda-forge/win-64/pywin32-304-py311h12c1d0e_2.tar.bz2
  version: '304'
- category: main
  dependencies:
    python: '>=3.7'
  hash:
    md5: 3b68bc43ec6baa48f7354a446267eefe
    sha256: 3ac44771fce01f19218bcdf3992e24984748048db69889a9df65abcc6a10e29b
  manager: conda
  name: setuptools
  optional: false
  platform: win-64
  url: https://conda.anaconda.org/conda-forge/noarch/setuptools-67.7.2-pyhd8ed1ab_0.conda
  version: 67.7.2
- category: dev
  dependencies:
    python: '>=3.7'
  hash:
    md5: 5844808ffab9ebdb694585b50ba02a96
    sha256: 4cd48aba7cd026d17e86886af48d0d2ebc67ed36f87f6534f4b67138f5a5a58f
  manager: conda
  name: tomli
  optional: true
  platform: win-64
  url: https://conda.anaconda.org/conda-forge/noarch/tomli-2.0.1-pyhd8ed1ab_0.tar.bz2
  version: 2.0.1
- category: main
  dependencies:
    python: '>=3.7'
  hash:
    md5: 4a3014a4d107d15475d106b751c4e352
    sha256: 90a8d56c8015af1575d504d5f77d95a806cd999fc178a06ab51a349f1f744672
  manager: conda
  name: typing_extensions
  optional: false
  platform: win-64
  url: https://conda.anaconda.org/conda-forge/noarch/typing_extensions-4.6.3-pyha770c72_0.conda
  version: 4.6.3
- category: main
  dependencies:
    python: '>=3.7'
  hash:
    md5: 49bb0d9e60ce1db25e151780331bb5f3
    sha256: 79b4d29b0c004014a2abd5fc2c9fcd35cc6256222b960c2a317a27c4b0d8884d
  manager: conda
  name: wheel
  optional: false
  platform: win-64
  url: https://conda.anaconda.org/conda-forge/noarch/wheel-0.40.0-pyhd8ed1ab_0.conda
  version: 0.40.0
- category: main
  dependencies:
    __win: ''
    python: '>=3.6'
  hash:
    md5: 30878ecc4bd36e8deeea1e3c151b2e0b
    sha256: a11ae693a0645bf6c7b8a47bac030be9c0967d0b1924537b9ff7458e832c0511
  manager: conda
  name: win_inet_pton
  optional: false
  platform: win-64
  url: https://conda.anaconda.org/conda-forge/noarch/win_inet_pton-1.1.0-pyhd8ed1ab_6.tar.bz2
  version: 1.1.0
- category: main
  dependencies:
    brotli-bin: 1.0.9 hcfcfb64_8
    libbrotlidec: 1.0.9 hcfcfb64_8
    libbrotlienc: 1.0.9 hcfcfb64_8
    ucrt: '>=10.0.20348.0'
    vc: '>=14.2,<15'
    vs2015_runtime: '>=14.29.30139'
  hash:
    md5: 2e661f21e1741c11506bdc7226e6b0bc
    sha256: 6d2fc2f147c9fc6685124d984089683988729463193578ba1d62f80263bce3c5
  manager: conda
  name: brotli
  optional: false
  platform: win-64
  url: https://conda.anaconda.org/conda-forge/win-64/brotli-1.0.9-hcfcfb64_8.tar.bz2
  version: 1.0.9
- category: main
  dependencies:
    python: '>=3.7'
    setuptools: ''
    wheel: ''
  hash:
    md5: 7288da0d36821349cf1126e8670292df
    sha256: 4fe1f47f6eac5b2635a622b6f985640bf835843c1d8d7ccbbae0f7d27cadec92
  manager: conda
  name: pip
  optional: false
  platform: win-64
  url: https://conda.anaconda.org/conda-forge/noarch/pip-23.1.2-pyhd8ed1ab_0.conda
  version: 23.1.2
- category: main
  dependencies:
    __win: ''
    python: '>=3.8'
    win_inet_pton: ''
  hash:
    md5: 56cd9fe388baac0e90c7149cfac95b60
    sha256: b3a612bc887f3dd0fb7c4199ad8e342bd148cf69a9b74fd9468a18cf2bef07b7
  manager: conda
  name: pysocks
  optional: false
  platform: win-64
  url: https://conda.anaconda.org/conda-forge/noarch/pysocks-1.7.1-pyh0701188_6.tar.bz2
  version: 1.7.1
- category: dev
  dependencies:
    colorama: ''
    exceptiongroup: '>=1.0.0rc8'
    iniconfig: ''
    packaging: ''
    pluggy: '>=0.12,<2.0'
    python: '>=3.8'
    tomli: '>=1.0.0'
  hash:
    md5: 8907018dd1302aada2632ca679e25ccd
    sha256: 18c4493e7739d8f5b7674f8149821dc9fd861d2b1fbd24829afdcba692792b47
  manager: conda
  name: pytest
  optional: true
  platform: win-64
  url: https://conda.anaconda.org/conda-forge/noarch/pytest-7.3.2-pyhd8ed1ab_0.conda
  version: 7.3.2
- category: main
  dependencies:
    libhwloc: '>=2.9.1,<2.9.2.0a0'
    ucrt: '>=10.0.20348.0'
    vc: '>=14.2,<15'
    vs2015_runtime: '>=14.29.30139'
  hash:
    md5: 6aa3f1becefeaa00a4d2a79b2a478aee
    sha256: bf9a0f71aa9234776fc5d940464f47b760e5b4907c6c4f7eb0273221fe1b834c
  manager: conda
  name: tbb
  optional: false
  platform: win-64
  url: https://conda.anaconda.org/conda-forge/win-64/tbb-2021.9.0-h91493d7_0.conda
  version: 2021.9.0
- category: main
  dependencies:
    typing_extensions: 4.6.3 pyha770c72_0
  hash:
    md5: 3876f650ed7d0f95d70fa4b647621909
    sha256: d2334dab270e13182403cc3a394e3da8e7acb409e94059a6d9223d2ac053f90a
  manager: conda
  name: typing-extensions
  optional: false
  platform: win-64
  url: https://conda.anaconda.org/conda-forge/noarch/typing-extensions-4.6.3-hd8ed1ab_0.conda
  version: 4.6.3
- category: main
  dependencies:
    intel-openmp: ''
    tbb: 2021.*
  hash:
    md5: 2ff89a7337a9636029b4db9466e9f8e3
    sha256: b130d13dba6a798cbcce8f19c52e9765b75b8668d2f8f95ba8210c63b6fa84eb
  manager: conda
  name: mkl
  optional: false
  platform: win-64
  url: https://conda.anaconda.org/conda-forge/win-64/mkl-2022.1.0-h6a75c08_874.tar.bz2
  version: 2022.1.0
- category: main
  dependencies:
    python: '>=3.7'
    typing-extensions: '>=4.6.3'
  hash:
    md5: c085a16ba3d0c9ee282c438308b57724
    sha256: 528dcba75c81505e911b23d9795e35c564f7be1f74c7fdf5d8ad4e231b569c2a
  manager: conda
  name: platformdirs
  optional: false
  platform: win-64
  url: https://conda.anaconda.org/conda-forge/noarch/platformdirs-3.5.3-pyhd8ed1ab_0.conda
  version: 3.5.3
- category: main
  dependencies:
    brotli: '>=1.0.9'
    pysocks: '>=1.5.6,<2.0,!=1.5.7'
    python: '>=3.7'
  hash:
    md5: ae465d0fbf9f1979cb2d8d4043d885e2
    sha256: 91d999539132f4b04091642df62b51c63c8a1fd61ecdff1ed704fc11405f9a34
  manager: conda
  name: urllib3
  optional: false
  platform: win-64
  url: https://conda.anaconda.org/conda-forge/noarch/urllib3-2.0.3-pyhd8ed1ab_0.conda
  version: 2.0.3
- category: main
  dependencies:
    mkl: 2022.1.0 h6a75c08_874
  hash:
    md5: 9e42ac6b256b96bfaa19f829c25940e8
    sha256: 56c5394e80c429acfee53a075e3d1b6ccd8c294510084cd6a2a4b7d8cc80abfb
  manager: conda
  name: libblas
  optional: false
  platform: win-64
  url: https://conda.anaconda.org/conda-forge/win-64/libblas-3.9.0-17_win64_mkl.conda
  version: 3.9.0
- category: main
  dependencies:
    certifi: '>=2017.4.17'
    charset-normalizer: '>=2,<4'
    idna: '>=2.5,<4'
    python: '>=3.7'
    urllib3: '>=1.21.1,<3'
  hash:
    md5: a30144e4156cdbb236f99ebb49828f8b
    sha256: 9f629d6fd3c8ac5f2a198639fe7af87c4db2ac9235279164bfe0fcb49d8c4bad
  manager: conda
  name: requests
  optional: false
  platform: win-64
  url: https://conda.anaconda.org/conda-forge/noarch/requests-2.31.0-pyhd8ed1ab_0.conda
  version: 2.31.0
- category: main
  dependencies:
    libblas: 3.9.0 17_win64_mkl
  hash:
    md5: 768b2c3be666ecf9e62f939ea919f819
    sha256: 5b9914c3b95d947a613a9b6d3c1c1515257a61e7838a1f2484927f0c9fe23063
  manager: conda
  name: libcblas
  optional: false
  platform: win-64
  url: https://conda.anaconda.org/conda-forge/win-64/libcblas-3.9.0-17_win64_mkl.conda
  version: 3.9.0
- category: main
  dependencies:
    libblas: 3.9.0 17_win64_mkl
  hash:
    md5: 278121fe8f0d65d496998aa290f36322
    sha256: 68922a63d92a414af06b208136c9304be179c6fc911e8636430b0e15c0a9aa3b
  manager: conda
  name: liblapack
  optional: false
  platform: win-64
  url: https://conda.anaconda.org/conda-forge/win-64/liblapack-3.9.0-17_win64_mkl.conda
  version: 3.9.0
- category: main
  dependencies:
    packaging: '>=20.0'
    platformdirs: '>=2.5.0'
    python: '>=3.7'
    requests: '>=2.19.0'
  hash:
    md5: 5936894aade8240c867d292aa0d980c6
    sha256: 64e4d633803df2e36fd141d9bf269568fbe179a313248e1dac4d364c02debdef
  manager: conda
  name: pooch
  optional: false
  platform: win-64
  url: https://conda.anaconda.org/conda-forge/noarch/pooch-1.7.0-pyha770c72_3.conda
  version: 1.7.0
- category: main
  dependencies:
    libblas: '>=3.9.0,<4.0a0'
    libcblas: '>=3.9.0,<4.0a0'
    liblapack: '>=3.9.0,<4.0a0'
    python: '>=3.11,<3.12.0a0'
    python_abi: 3.11.* *_cp311
    ucrt: '>=10.0.20348.0'
    vc: '>=14.2,<15'
    vs2015_runtime: '>=14.29.30139'
  hash:
    md5: 7efb2d8d15616284d8496235d2731ebf
    sha256: 5078aa980f1c1195edadc08d83476f29243ba07d0b975aa710e9b95d49f59d99
  manager: conda
  name: numpy
  optional: false
  platform: win-64
  url: https://conda.anaconda.org/conda-forge/win-64/numpy-1.24.3-py311h0b4df5a_0.conda
  version: 1.24.3
- category: main
  dependencies:
    libblas: '>=3.9.0,<4.0a0'
    libcblas: '>=3.9.0,<4.0a0'
    liblapack: '>=3.9.0,<4.0a0'
    m2w64-gcc-libs: ''
    m2w64-gcc-libs-core: ''
    numpy: '>=1.23.5,<2.0a0'
    pooch: ''
    python: '>=3.11,<3.12.0a0'
    python_abi: 3.11.* *_cp311
    ucrt: '>=10.0.20348.0'
    vc: '>=14.2,<15'
    vc14_runtime: '>=14.29.30139'
  hash:
    md5: 2a46a0cbc7e2a7f7436c3d790134d434
    sha256: 778cecd689c0139874e1263776ea6ba5d959d6d6439de8bd1d12643e18362760
  manager: conda
  name: scipy
  optional: false
  platform: win-64
  url: https://conda.anaconda.org/conda-forge/win-64/scipy-1.10.1-py311h37ff6ca_3.conda
  version: 1.10.1
- category: main
  dependencies:
    networkx: '>=2.0'
    numpy: ''
    packaging: ''
    python: '>=3.7'
    requests: ''
    scipy: ''
  hash:
    md5: 38a20fc8462e4ba30336bde8fd22f637
    sha256: 13cc5e4eb37c47e9e793c74de7e19f429623e549282dd06d35ee44aad1251df6
  manager: conda
  name: openmdao
  optional: false
  platform: win-64
  url: https://conda.anaconda.org/conda-forge/noarch/openmdao-3.26.0-pyhd8ed1ab_0.conda
  version: 3.26.0
version: 1
